
Microsoft Visual Studio Solution File, Format Version 12.00
# Visual Studio 15
VisualStudioVersion = 15.0.28307.572
MinimumVisualStudioVersion = 10.0.40219.1
Project("{9A19103F-16F7-4668-BE54-9A1E7A4F7556}") = "TestQuiz", "TestQuiz\TestQuiz.csproj", "{3DD8EA2A-3690-46A6-BEA8-FCD6DE8036DA}"
EndProject
Project("{FAE04EC0-301F-11D3-BF4B-00C04F79EFBC}") = "DataLayes", "DataLayes\DataLayes.csproj", "{B9966C18-CAFD-491F-B412-F336125D0843}"
EndProject
Global
	GlobalSection(SolutionConfigurationPlatforms) = preSolution
		Debug|Any CPU = Debug|Any CPU
		Release|Any CPU = Release|Any CPU
	EndGlobalSection
	GlobalSection(ProjectConfigurationPlatforms) = postSolution
		{3DD8EA2A-3690-46A6-BEA8-FCD6DE8036DA}.Debug|Any CPU.ActiveCfg = Debug|Any CPU
		{3DD8EA2A-3690-46A6-BEA8-FCD6DE8036DA}.Debug|Any CPU.Build.0 = Debug|Any CPU
		{3DD8EA2A-3690-46A6-BEA8-FCD6DE8036DA}.Release|Any CPU.ActiveCfg = Release|Any CPU
		{3DD8EA2A-3690-46A6-BEA8-FCD6DE8036DA}.Release|Any CPU.Build.0 = Release|Any CPU
		{B9966C18-CAFD-491F-B412-F336125D0843}.Debug|Any CPU.ActiveCfg = Debug|Any CPU
		{B9966C18-CAFD-491F-B412-F336125D0843}.Debug|Any CPU.Build.0 = Debug|Any CPU
		{B9966C18-CAFD-491F-B412-F336125D0843}.Release|Any CPU.ActiveCfg = Release|Any CPU
		{B9966C18-CAFD-491F-B412-F336125D0843}.Release|Any CPU.Build.0 = Release|Any CPU
	EndGlobalSection
	GlobalSection(SolutionProperties) = preSolution
		HideSolutionNode = FALSE
	EndGlobalSection
	GlobalSection(ExtensibilityGlobals) = postSolution
		SolutionGuid = {6FDB137B-D144-4229-8910-EF9E990662DC}
	EndGlobalSection
EndGlobal
